
Microsoft Visual Studio Solution File, Format Version 12.00
# Visual Studio 15
VisualStudioVersion = 15.0.28307.1231
MinimumVisualStudioVersion = 10.0.40219.1
Project("{FAE04EC0-301F-11D3-BF4B-00C04F79EFBC}") = "OOP2", "OOP2\OOP2.csproj", "{DC0EC171-B6C8-429C-8624-B1DCBFBF63EE}"
EndProject
Project("{FAE04EC0-301F-11D3-BF4B-00C04F79EFBC}") = "OOP3", "OOP3\OOP3.csproj", "{992904BC-6BE5-468A-A8CE-B2B374E0A0E8}"
EndProject
Global
	GlobalSection(SolutionConfigurationPlatforms) = preSolution
		Debug|Any CPU = Debug|Any CPU
		Release|Any CPU = Release|Any CPU
	EndGlobalSection
	GlobalSection(ProjectConfigurationPlatforms) = postSolution
		{DC0EC171-B6C8-429C-8624-B1DCBFBF63EE}.Debug|Any CPU.ActiveCfg = Debug|Any CPU
		{DC0EC171-B6C8-429C-8624-B1DCBFBF63EE}.Debug|Any CPU.Build.0 = Debug|Any CPU
		{DC0EC171-B6C8-429C-8624-B1DCBFBF63EE}.Release|Any CPU.ActiveCfg = Release|Any CPU
		{DC0EC171-B6C8-429C-8624-B1DCBFBF63EE}.Release|Any CPU.Build.0 = Release|Any CPU
		{992904BC-6BE5-468A-A8CE-B2B374E0A0E8}.Debug|Any CPU.ActiveCfg = Debug|Any CPU
		{992904BC-6BE5-468A-A8CE-B2B374E0A0E8}.Debug|Any CPU.Build.0 = Debug|Any CPU
		{992904BC-6BE5-468A-A8CE-B2B374E0A0E8}.Release|Any CPU.ActiveCfg = Release|Any CPU
		{992904BC-6BE5-468A-A8CE-B2B374E0A0E8}.Release|Any CPU.Build.0 = Release|Any CPU
	EndGlobalSection
	GlobalSection(SolutionProperties) = preSolution
		HideSolutionNode = FALSE
	EndGlobalSection
	GlobalSection(ExtensibilityGlobals) = postSolution
		SolutionGuid = {9E55D207-CEFC-4CE4-BDE3-F21FC870ED00}
	EndGlobalSection
EndGlobal
